// !$*UTF8*$!
{
	archiveVersion = 1;
	classes = {
	};
	objectVersion = 77;
	objects = {

/* Begin PBXContainerItemProxy section */
		2398EB942D0C818F0027231D /* PBXContainerItemProxy */ = {
			isa = PBXContainerItemProxy;
			containerPortal = 2398EB7A2D0C818C0027231D /* Project object */;
			proxyType = 1;
			remoteGlobalIDString = 2398EB812D0C818C0027231D;
			remoteInfo = Iconicizer;
		};
		2398EB9E2D0C81900027231D /* PBXContainerItemProxy */ = {
			isa = PBXContainerItemProxy;
			containerPortal = 2398EB7A2D0C818C0027231D /* Project object */;
			proxyType = 1;
			remoteGlobalIDString = 2398EB812D0C818C0027231D;
			remoteInfo = Iconicizer;
		};
/* End PBXContainerItemProxy section */

/* Begin PBXFileReference section */
		2398EB822D0C818C0027231D /* Iconicizer.app */ = {isa = PBXFileReference; explicitFileType = wrapper.application; includeInIndex = 0; path = Iconicizer.app; sourceTree = BUILT_PRODUCTS_DIR; };
		2398EB932D0C818F0027231D /* IconicizerTests.xctest */ = {isa = PBXFileReference; explicitFileType = wrapper.cfbundle; includeInIndex = 0; path = IconicizerTests.xctest; sourceTree = BUILT_PRODUCTS_DIR; };
		2398EB9D2D0C81900027231D /* IconicizerUITests.xctest */ = {isa = PBXFileReference; explicitFileType = wrapper.cfbundle; includeInIndex = 0; path = IconicizerUITests.xctest; sourceTree = BUILT_PRODUCTS_DIR; };
/* End PBXFileReference section */

/* Begin PBXFileSystemSynchronizedRootGroup section */
		2398EB842D0C818C0027231D /* Iconicizer */ = {
			isa = PBXFileSystemSynchronizedRootGroup;
			path = Iconicizer;
			sourceTree = "<group>";
		};
		2398EB962D0C818F0027231D /* IconicizerTests */ = {
			isa = PBXFileSystemSynchronizedRootGroup;
			path = IconicizerTests;
			sourceTree = "<group>";
		};
		2398EBA02D0C81900027231D /* IconicizerUITests */ = {
			isa = PBXFileSystemSynchronizedRootGroup;
			path = IconicizerUITests;
			sourceTree = "<group>";
		};
/* End PBXFileSystemSynchronizedRootGroup section */

/* Begin PBXFrameworksBuildPhase section */
		2398EB7F2D0C818C0027231D /* Frameworks */ = {
			isa = PBXFrameworksBuildPhase;
			buildActionMask = 2147483647;
			files = (
			);
			runOnlyForDeploymentPostprocessing = 0;
		};
		2398EB902D0C818F0027231D /* Frameworks */ = {
			isa = PBXFrameworksBuildPhase;
			buildActionMask = 2147483647;
			files = (
			);
			runOnlyForDeploymentPostprocessing = 0;
		};
		2398EB9A2D0C81900027231D /* Frameworks */ = {
			isa = PBXFrameworksBuildPhase;
			buildActionMask = 2147483647;
			files = (
			);
			runOnlyForDeploymentPostprocessing = 0;
		};
/* End PBXFrameworksBuildPhase section */

/* Begin PBXGroup section */
		2398EB792D0C818C0027231D = {
			isa = PBXGroup;
			children = (
				2398EB842D0C818C0027231D /* Iconicizer */,
				2398EB962D0C818F0027231D /* IconicizerTests */,
				2398EBA02D0C81900027231D /* IconicizerUITests */,
				2398EB832D0C818C0027231D /* Products */,
			);
			sourceTree = "<group>";
		};
		2398EB832D0C818C0027231D /* Products */ = {
			isa = PBXGroup;
			children = (
				2398EB822D0C818C0027231D /* Iconicizer.app */,
				2398EB932D0C818F0027231D /* IconicizerTests.xctest */,
				2398EB9D2D0C81900027231D /* IconicizerUITests.xctest */,
			);
			name = Products;
			sourceTree = "<group>";
		};
/* End PBXGroup section */

/* Begin PBXNativeTarget section */
		2398EB812D0C818C0027231D /* Iconicizer */ = {
			isa = PBXNativeTarget;
			buildConfigurationList = 2398EBA72D0C81900027231D /* Build configuration list for PBXNativeTarget "Iconicizer" */;
			buildPhases = (
				2398EB7E2D0C818C0027231D /* Sources */,
				2398EB7F2D0C818C0027231D /* Frameworks */,
				2398EB802D0C818C0027231D /* Resources */,
			);
			buildRules = (
			);
			dependencies = (
			);
			fileSystemSynchronizedGroups = (
				2398EB842D0C818C0027231D /* Iconicizer */,
			);
			name = Iconicizer;
			packageProductDependencies = (
			);
			productName = Iconicizer;
			productReference = 2398EB822D0C818C0027231D /* Iconicizer.app */;
			productType = "com.apple.product-type.application";
		};
		2398EB922D0C818F0027231D /* IconicizerTests */ = {
			isa = PBXNativeTarget;
			buildConfigurationList = 2398EBAA2D0C81900027231D /* Build configuration list for PBXNativeTarget "IconicizerTests" */;
			buildPhases = (
				2398EB8F2D0C818F0027231D /* Sources */,
				2398EB902D0C818F0027231D /* Frameworks */,
				2398EB912D0C818F0027231D /* Resources */,
			);
			buildRules = (
			);
			dependencies = (
				2398EB952D0C818F0027231D /* PBXTargetDependency */,
			);
			fileSystemSynchronizedGroups = (
				2398EB962D0C818F0027231D /* IconicizerTests */,
			);
			name = IconicizerTests;
			packageProductDependencies = (
			);
			productName = IconicizerTests;
			productReference = 2398EB932D0C818F0027231D /* IconicizerTests.xctest */;
			productType = "com.apple.product-type.bundle.unit-test";
		};
		2398EB9C2D0C81900027231D /* IconicizerUITests */ = {
			isa = PBXNativeTarget;
			buildConfigurationList = 2398EBAD2D0C81900027231D /* Build configuration list for PBXNativeTarget "IconicizerUITests" */;
			buildPhases = (
				2398EB992D0C81900027231D /* Sources */,
				2398EB9A2D0C81900027231D /* Frameworks */,
				2398EB9B2D0C81900027231D /* Resources */,
			);
			buildRules = (
			);
			dependencies = (
				2398EB9F2D0C81900027231D /* PBXTargetDependency */,
			);
			fileSystemSynchronizedGroups = (
				2398EBA02D0C81900027231D /* IconicizerUITests */,
			);
			name = IconicizerUITests;
			packageProductDependencies = (
			);
			productName = IconicizerUITests;
			productReference = 2398EB9D2D0C81900027231D /* IconicizerUITests.xctest */;
			productType = "com.apple.product-type.bundle.ui-testing";
		};
/* End PBXNativeTarget section */

/* Begin PBXProject section */
		2398EB7A2D0C818C0027231D /* Project object */ = {
			isa = PBXProject;
			attributes = {
				BuildIndependentTargetsInParallel = 1;
				LastSwiftUpdateCheck = 1610;
				LastUpgradeCheck = 1610;
				TargetAttributes = {
					2398EB812D0C818C0027231D = {
						CreatedOnToolsVersion = 16.1;
					};
					2398EB922D0C818F0027231D = {
						CreatedOnToolsVersion = 16.1;
						TestTargetID = 2398EB812D0C818C0027231D;
					};
					2398EB9C2D0C81900027231D = {
						CreatedOnToolsVersion = 16.1;
						TestTargetID = 2398EB812D0C818C0027231D;
					};
				};
			};
			buildConfigurationList = 2398EB7D2D0C818C0027231D /* Build configuration list for PBXProject "Iconicizer" */;
			developmentRegion = en;
			hasScannedForEncodings = 0;
			knownRegions = (
				en,
				Base,
			);
			mainGroup = 2398EB792D0C818C0027231D;
			minimizedProjectReferenceProxies = 1;
			preferredProjectObjectVersion = 77;
			productRefGroup = 2398EB832D0C818C0027231D /* Products */;
			projectDirPath = "";
			projectRoot = "";
			targets = (
				2398EB812D0C818C0027231D /* Iconicizer */,
				2398EB922D0C818F0027231D /* IconicizerTests */,
				2398EB9C2D0C81900027231D /* IconicizerUITests */,
			);
		};
/* End PBXProject section */

/* Begin PBXResourcesBuildPhase section */
		2398EB802D0C818C0027231D /* Resources */ = {
			isa = PBXResourcesBuildPhase;
			buildActionMask = 2147483647;
			files = (
			);
			runOnlyForDeploymentPostprocessing = 0;
		};
		2398EB912D0C818F0027231D /* Resources */ = {
			isa = PBXResourcesBuildPhase;
			buildActionMask = 2147483647;
			files = (
			);
			runOnlyForDeploymentPostprocessing = 0;
		};
		2398EB9B2D0C81900027231D /* Resources */ = {
			isa = PBXResourcesBuildPhase;
			buildActionMask = 2147483647;
			files = (
			);
			runOnlyForDeploymentPostprocessing = 0;
		};
/* End PBXResourcesBuildPhase section */

/* Begin PBXSourcesBuildPhase section */
		2398EB7E2D0C818C0027231D /* Sources */ = {
			isa = PBXSourcesBuildPhase;
			buildActionMask = 2147483647;
			files = (
			);
			runOnlyForDeploymentPostprocessing = 0;
		};
		2398EB8F2D0C818F0027231D /* Sources */ = {
			isa = PBXSourcesBuildPhase;
			buildActionMask = 2147483647;
			files = (
			);
			runOnlyForDeploymentPostprocessing = 0;
		};
		2398EB992D0C81900027231D /* Sources */ = {
			isa = PBXSourcesBuildPhase;
			buildActionMask = 2147483647;
			files = (
			);
			runOnlyForDeploymentPostprocessing = 0;
		};
/* End PBXSourcesBuildPhase section */

/* Begin PBXTargetDependency section */
		2398EB952D0C818F0027231D /* PBXTargetDependency */ = {
			isa = PBXTargetDependency;
			target = 2398EB812D0C818C0027231D /* Iconicizer */;
			targetProxy = 2398EB942D0C818F0027231D /* PBXContainerItemProxy */;
		};
		2398EB9F2D0C81900027231D /* PBXTargetDependency */ = {
			isa = PBXTargetDependency;
			target = 2398EB812D0C818C0027231D /* Iconicizer */;
			targetProxy = 2398EB9E2D0C81900027231D /* PBXContainerItemProxy */;
		};
/* End PBXTargetDependency section */

/* Begin XCBuildConfiguration section */
		2398EBA52D0C81900027231D /* Debug */ = {
			isa = XCBuildConfiguration;
			buildSettings = {
				ALWAYS_SEARCH_USER_PATHS = NO;
				ASSETCATALOG_COMPILER_GENERATE_SWIFT_ASSET_SYMBOL_EXTENSIONS = YES;
				CLANG_ANALYZER_NONNULL = YES;
				CLANG_ANALYZER_NUMBER_OBJECT_CONVERSION = YES_AGGRESSIVE;
				CLANG_CXX_LANGUAGE_STANDARD = "gnu++20";
				CLANG_ENABLE_MODULES = YES;
				CLANG_ENABLE_OBJC_ARC = YES;
				CLANG_ENABLE_OBJC_WEAK = YES;
				CLANG_WARN_BLOCK_CAPTURE_AUTORELEASING = YES;
				CLANG_WARN_BOOL_CONVERSION = YES;
				CLANG_WARN_COMMA = YES;
				CLANG_WARN_CONSTANT_CONVERSION = YES;
				CLANG_WARN_DEPRECATED_OBJC_IMPLEMENTATIONS = YES;
				CLANG_WARN_DIRECT_OBJC_ISA_USAGE = YES_ERROR;
				CLANG_WARN_DOCUMENTATION_COMMENTS = YES;
				CLANG_WARN_EMPTY_BODY = YES;
				CLANG_WARN_ENUM_CONVERSION = YES;
				CLANG_WARN_INFINITE_RECURSION = YES;
				CLANG_WARN_INT_CONVERSION = YES;
				CLANG_WARN_NON_LITERAL_NULL_CONVERSION = YES;
				CLANG_WARN_OBJC_IMPLICIT_RETAIN_SELF = YES;
				CLANG_WARN_OBJC_LITERAL_CONVERSION = YES;
				CLANG_WARN_OBJC_ROOT_CLASS = YES_ERROR;
				CLANG_WARN_QUOTED_INCLUDE_IN_FRAMEWORK_HEADER = YES;
				CLANG_WARN_RANGE_LOOP_ANALYSIS = YES;
				CLANG_WARN_STRICT_PROTOTYPES = YES;
				CLANG_WARN_SUSPICIOUS_MOVE = YES;
				CLANG_WARN_UNGUARDED_AVAILABILITY = YES_AGGRESSIVE;
				CLANG_WARN_UNREACHABLE_CODE = YES;
				CLANG_WARN__DUPLICATE_METHOD_MATCH = YES;
				COPY_PHASE_STRIP = NO;
				DEBUG_INFORMATION_FORMAT = dwarf;
				ENABLE_STRICT_OBJC_MSGSEND = YES;
				ENABLE_TESTABILITY = YES;
				ENABLE_USER_SCRIPT_SANDBOXING = YES;
				GCC_C_LANGUAGE_STANDARD = gnu17;
				GCC_DYNAMIC_NO_PIC = NO;
				GCC_NO_COMMON_BLOCKS = YES;
				GCC_OPTIMIZATION_LEVEL = 0;
				GCC_PREPROCESSOR_DEFINITIONS = (
					"DEBUG=1",
					"$(inherited)",
				);
				GCC_WARN_64_TO_32_BIT_CONVERSION = YES;
				GCC_WARN_ABOUT_RETURN_TYPE = YES_ERROR;
				GCC_WARN_UNDECLARED_SELECTOR = YES;
				GCC_WARN_UNINITIALIZED_AUTOS = YES_AGGRESSIVE;
				GCC_WARN_UNUSED_FUNCTION = YES;
				GCC_WARN_UNUSED_VARIABLE = YES;
				LOCALIZATION_PREFERS_STRING_CATALOGS = YES;
				MACOSX_DEPLOYMENT_TARGET = 15.1;
				MTL_ENABLE_DEBUG_INFO = INCLUDE_SOURCE;
				MTL_FAST_MATH = YES;
				ONLY_ACTIVE_ARCH = YES;
				SDKROOT = macosx;
				SWIFT_ACTIVE_COMPILATION_CONDITIONS = "DEBUG $(inherited)";
				SWIFT_OPTIMIZATION_LEVEL = "-Onone";
			};
			name = Debug;
		};
		2398EBA62D0C81900027231D /* Release */ = {
			isa = XCBuildConfiguration;
			buildSettings = {
				ALWAYS_SEARCH_USER_PATHS = NO;
				ASSETCATALOG_COMPILER_GENERATE_SWIFT_ASSET_SYMBOL_EXTENSIONS = YES;
				CLANG_ANALYZER_NONNULL = YES;
				CLANG_ANALYZER_NUMBER_OBJECT_CONVERSION = YES_AGGRESSIVE;
				CLANG_CXX_LANGUAGE_STANDARD = "gnu++20";
				CLANG_ENABLE_MODULES = YES;
				CLANG_ENABLE_OBJC_ARC = YES;
				CLANG_ENABLE_OBJC_WEAK = YES;
				CLANG_WARN_BLOCK_CAPTURE_AUTORELEASING = YES;
				CLANG_WARN_BOOL_CONVERSION = YES;
				CLANG_WARN_COMMA = YES;
				CLANG_WARN_CONSTANT_CONVERSION = YES;
				CLANG_WARN_DEPRECATED_OBJC_IMPLEMENTATIONS = YES;
				CLANG_WARN_DIRECT_OBJC_ISA_USAGE = YES_ERROR;
				CLANG_WARN_DOCUMENTATION_COMMENTS = YES;
				CLANG_WARN_EMPTY_BODY = YES;
				CLANG_WARN_ENUM_CONVERSION = YES;
				CLANG_WARN_INFINITE_RECURSION = YES;
				CLANG_WARN_INT_CONVERSION = YES;
				CLANG_WARN_NON_LITERAL_NULL_CONVERSION = YES;
				CLANG_WARN_OBJC_IMPLICIT_RETAIN_SELF = YES;
				CLANG_WARN_OBJC_LITERAL_CONVERSION = YES;
				CLANG_WARN_OBJC_ROOT_CLASS = YES_ERROR;
				CLANG_WARN_QUOTED_INCLUDE_IN_FRAMEWORK_HEADER = YES;
				CLANG_WARN_RANGE_LOOP_ANALYSIS = YES;
				CLANG_WARN_STRICT_PROTOTYPES = YES;
				CLANG_WARN_SUSPICIOUS_MOVE = YES;
				CLANG_WARN_UNGUARDED_AVAILABILITY = YES_AGGRESSIVE;
				CLANG_WARN_UNREACHABLE_CODE = YES;
				CLANG_WARN__DUPLICATE_METHOD_MATCH = YES;
				COPY_PHASE_STRIP = NO;
				DEBUG_INFORMATION_FORMAT = "dwarf-with-dsym";
				ENABLE_NS_ASSERTIONS = NO;
				ENABLE_STRICT_OBJC_MSGSEND = YES;
				ENABLE_USER_SCRIPT_SANDBOXING = YES;
				GCC_C_LANGUAGE_STANDARD = gnu17;
				GCC_NO_COMMON_BLOCKS = YES;
				GCC_WARN_64_TO_32_BIT_CONVERSION = YES;
				GCC_WARN_ABOUT_RETURN_TYPE = YES_ERROR;
				GCC_WARN_UNDECLARED_SELECTOR = YES;
				GCC_WARN_UNINITIALIZED_AUTOS = YES_AGGRESSIVE;
				GCC_WARN_UNUSED_FUNCTION = YES;
				GCC_WARN_UNUSED_VARIABLE = YES;
				LOCALIZATION_PREFERS_STRING_CATALOGS = YES;
				MACOSX_DEPLOYMENT_TARGET = 15.1;
				MTL_ENABLE_DEBUG_INFO = NO;
				MTL_FAST_MATH = YES;
				SDKROOT = macosx;
				SWIFT_COMPILATION_MODE = wholemodule;
			};
			name = Release;
		};
		2398EBA82D0C81900027231D /* Debug */ = {
			isa = XCBuildConfiguration;
			buildSettings = {
				ASSETCATALOG_COMPILER_APPICON_NAME = AppIcon;
				ASSETCATALOG_COMPILER_GLOBAL_ACCENT_COLOR_NAME = AccentColor;
				CODE_SIGN_ENTITLEMENTS = Iconicizer/Iconicizer.entitlements;
				"CODE_SIGN_IDENTITY[sdk=macosx*]" = "-";
				CODE_SIGN_STYLE = Automatic;
				COMBINE_HIDPI_IMAGES = YES;
				CURRENT_PROJECT_VERSION = 1;
				DEVELOPMENT_ASSET_PATHS = "\"Iconicizer/Preview Content\"";
				DEVELOPMENT_TEAM = GDL34YJ7W5;
				ENABLE_HARDENED_RUNTIME = YES;
				ENABLE_PREVIEWS = YES;
				GENERATE_INFOPLIST_FILE = YES;
				INFOPLIST_KEY_NSHumanReadableCopyright = "";
				LD_RUNPATH_SEARCH_PATHS = (
					"$(inherited)",
					"@executable_path/../Frameworks",
				);
				MARKETING_VERSION = 1.0;
				PRODUCT_BUNDLE_IDENTIFIER = johnflorian.Iconicizer;
				PRODUCT_NAME = "$(TARGET_NAME)";
				SWIFT_EMIT_LOC_STRINGS = YES;
				SWIFT_VERSION = 5.0;
			};
			name = Debug;
		};
		2398EBA92D0C81900027231D /* Release */ = {
			isa = XCBuildConfiguration;
			buildSettings = {
				ASSETCATALOG_COMPILER_APPICON_NAME = AppIcon;
				ASSETCATALOG_COMPILER_GLOBAL_ACCENT_COLOR_NAME = AccentColor;
				CODE_SIGN_ENTITLEMENTS = Iconicizer/Iconicizer.entitlements;
				"CODE_SIGN_IDENTITY[sdk=macosx*]" = "-";
				CODE_SIGN_STYLE = Automatic;
				COMBINE_HIDPI_IMAGES = YES;
				CURRENT_PROJECT_VERSION = 1;
				DEVELOPMENT_ASSET_PATHS = "\"Iconicizer/Preview Content\"";
				DEVELOPMENT_TEAM = GDL34YJ7W5;
				ENABLE_HARDENED_RUNTIME = YES;
				ENABLE_PREVIEWS = YES;
				GENERATE_INFOPLIST_FILE = YES;
				INFOPLIST_KEY_NSHumanReadableCopyright = "";
				LD_RUNPATH_SEARCH_PATHS = (
					"$(inherited)",
					"@executable_path/../Frameworks",
				);
				MARKETING_VERSION = 1.0;
				PRODUCT_BUNDLE_IDENTIFIER = johnflorian.Iconicizer;
				PRODUCT_NAME = "$(TARGET_NAME)";
				SWIFT_EMIT_LOC_STRINGS = YES;
				SWIFT_VERSION = 5.0;
			};
			name = Release;
		};
		2398EBAB2D0C81900027231D /* Debug */ = {
			isa = XCBuildConfiguration;
			buildSettings = {
				BUNDLE_LOADER = "$(TEST_HOST)";
				CODE_SIGN_STYLE = Automatic;
				CURRENT_PROJECT_VERSION = 1;
				DEVELOPMENT_TEAM = GDL34YJ7W5;
				GENERATE_INFOPLIST_FILE = YES;
				MACOSX_DEPLOYMENT_TARGET = 15.1;
				MARKETING_VERSION = 1.0;
				PRODUCT_BUNDLE_IDENTIFIER = johnflorian.IconicizerTests;
				PRODUCT_NAME = "$(TARGET_NAME)";
				SWIFT_EMIT_LOC_STRINGS = NO;
				SWIFT_VERSION = 5.0;
				TEST_HOST = "$(BUILT_PRODUCTS_DIR)/Iconicizer.app/$(BUNDLE_EXECUTABLE_FOLDER_PATH)/Iconicizer";
			};
			name = Debug;
		};
		2398EBAC2D0C81900027231D /* Release */ = {
			isa = XCBuildConfiguration;
			buildSettings = {
				BUNDLE_LOADER = "$(TEST_HOST)";
				CODE_SIGN_STYLE = Automatic;
				CURRENT_PROJECT_VERSION = 1;
				DEVELOPMENT_TEAM = GDL34YJ7W5;
				GENERATE_INFOPLIST_FILE = YES;
				MACOSX_DEPLOYMENT_TARGET = 15.1;
				MARKETING_VERSION = 1.0;
				PRODUCT_BUNDLE_IDENTIFIER = johnflorian.IconicizerTests;
				PRODUCT_NAME = "$(TARGET_NAME)";
				SWIFT_EMIT_LOC_STRINGS = NO;
				SWIFT_VERSION = 5.0;
				TEST_HOST = "$(BUILT_PRODUCTS_DIR)/Iconicizer.app/$(BUNDLE_EXECUTABLE_FOLDER_PATH)/Iconicizer";
			};
			name = Release;
		};
		2398EBAE2D0C81900027231D /* Debug */ = {
			isa = XCBuildConfiguration;
			buildSettings = {
				CODE_SIGN_STYLE = Automatic;
				CURRENT_PROJECT_VERSION = 1;
				DEVELOPMENT_TEAM = GDL34YJ7W5;
				GENERATE_INFOPLIST_FILE = YES;
				MARKETING_VERSION = 1.0;
				PRODUCT_BUNDLE_IDENTIFIER = johnflorian.IconicizerUITests;
				PRODUCT_NAME = "$(TARGET_NAME)";
				SWIFT_EMIT_LOC_STRINGS = NO;
				SWIFT_VERSION = 5.0;
				TEST_TARGET_NAME = Iconicizer;
			};
			name = Debug;
		};
		2398EBAF2D0C81900027231D /* Release */ = {
			isa = XCBuildConfiguration;
			buildSettings = {
				CODE_SIGN_STYLE = Automatic;
				CURRENT_PROJECT_VERSION = 1;
				DEVELOPMENT_TEAM = GDL34YJ7W5;
				GENERATE_INFOPLIST_FILE = YES;
				MARKETING_VERSION = 1.0;
				PRODUCT_BUNDLE_IDENTIFIER = johnflorian.IconicizerUITests;
				PRODUCT_NAME = "$(TARGET_NAME)";
				SWIFT_EMIT_LOC_STRINGS = NO;
				SWIFT_VERSION = 5.0;
				TEST_TARGET_NAME = Iconicizer;
			};
			name = Release;
		};
/* End XCBuildConfiguration section */

/* Begin XCConfigurationList section */
		2398EB7D2D0C818C0027231D /* Build configuration list for PBXProject "Iconicizer" */ = {
			isa = XCConfigurationList;
			buildConfigurations = (
				2398EBA52D0C81900027231D /* Debug */,
				2398EBA62D0C81900027231D /* Release */,
			);
			defaultConfigurationIsVisible = 0;
			defaultConfigurationName = Release;
		};
		2398EBA72D0C81900027231D /* Build configuration list for PBXNativeTarget "Iconicizer" */ = {
			isa = XCConfigurationList;
			buildConfigurations = (
				2398EBA82D0C81900027231D /* Debug */,
				2398EBA92D0C81900027231D /* Release */,
			);
			defaultConfigurationIsVisible = 0;
			defaultConfigurationName = Release;
		};
		2398EBAA2D0C81900027231D /* Build configuration list for PBXNativeTarget "IconicizerTests" */ = {
			isa = XCConfigurationList;
			buildConfigurations = (
				2398EBAB2D0C81900027231D /* Debug */,
				2398EBAC2D0C81900027231D /* Release */,
			);
			defaultConfigurationIsVisible = 0;
			defaultConfigurationName = Release;
		};
		2398EBAD2D0C81900027231D /* Build configuration list for PBXNativeTarget "IconicizerUITests" */ = {
			isa = XCConfigurationList;
			buildConfigurations = (
				2398EBAE2D0C81900027231D /* Debug */,
				2398EBAF2D0C81900027231D /* Release */,
			);
			defaultConfigurationIsVisible = 0;
			defaultConfigurationName = Release;
		};
/* End XCConfigurationList section */
	};
	rootObject = 2398EB7A2D0C818C0027231D /* Project object */;
}
